
Microsoft Visual Studio Solution File, Format Version 12.00
# Visual Studio Version 17
VisualStudioVersion = 17.2.32602.215
MinimumVisualStudioVersion = 10.0.40219.1
Project("{9A19103F-16F7-4668-BE54-9A1E7A4F7556}") = "Lesson3Client", "Lesson3Client.csproj", "{BEB887FF-C7C3-4A76-8C19-C84102AAC23C}"
EndProject
Project("{9A19103F-16F7-4668-BE54-9A1E7A4F7556}") = "Models", "..\..\Lesson3\Models\Models.csproj", "{A9D52675-542C-43F2-935C-BBD1DCE4E006}"
EndProject
Global
	GlobalSection(SolutionConfigurationPlatforms) = preSolution
		Debug|Any CPU = Debug|Any CPU
		Release|Any CPU = Release|Any CPU
	EndGlobalSection
	GlobalSection(ProjectConfigurationPlatforms) = postSolution
		{BEB887FF-C7C3-4A76-8C19-C84102AAC23C}.Debug|Any CPU.ActiveCfg = Debug|Any CPU
		{BEB887FF-C7C3-4A76-8C19-C84102AAC23C}.Debug|Any CPU.Build.0 = Debug|Any CPU
		{BEB887FF-C7C3-4A76-8C19-C84102AAC23C}.Release|Any CPU.ActiveCfg = Release|Any CPU
		{BEB887FF-C7C3-4A76-8C19-C84102AAC23C}.Release|Any CPU.Build.0 = Release|Any CPU
		{A9D52675-542C-43F2-935C-BBD1DCE4E006}.Debug|Any CPU.ActiveCfg = Debug|Any CPU
		{A9D52675-542C-43F2-935C-BBD1DCE4E006}.Debug|Any CPU.Build.0 = Debug|Any CPU
		{A9D52675-542C-43F2-935C-BBD1DCE4E006}.Release|Any CPU.ActiveCfg = Release|Any CPU
		{A9D52675-542C-43F2-935C-BBD1DCE4E006}.Release|Any CPU.Build.0 = Release|Any CPU
	EndGlobalSection
	GlobalSection(SolutionProperties) = preSolution
		HideSolutionNode = FALSE
	EndGlobalSection
	GlobalSection(ExtensibilityGlobals) = postSolution
		SolutionGuid = {882A166D-04DA-4C47-A158-38CC5E3633EA}
	EndGlobalSection
EndGlobal
